
Microsoft Visual Studio Solution File, Format Version 12.00
# Visual Studio Version 16
VisualStudioVersion = 16.0.30611.23
MinimumVisualStudioVersion = 10.0.40219.1
Project("{9A19103F-16F7-4668-BE54-9A1E7A4F7556}") = "LeastRecentCache", "LeastRecentCache.csproj", "{B176A68E-BFEC-40D2-84E6-6F81F653B341}"
EndProject
Project("{FAE04EC0-301F-11D3-BF4B-00C04F79EFBC}") = "UnitTests", "..\UnitTests\UnitTests.csproj", "{E4D0A3B1-D410-4555-B51D-73995BCF63A7}"
EndProject
Global
	GlobalSection(SolutionConfigurationPlatforms) = preSolution
		Debug|Any CPU = Debug|Any CPU
		Release|Any CPU = Release|Any CPU
	EndGlobalSection
	GlobalSection(ProjectConfigurationPlatforms) = postSolution
		{B176A68E-BFEC-40D2-84E6-6F81F653B341}.Debug|Any CPU.ActiveCfg = Debug|Any CPU
		{B176A68E-BFEC-40D2-84E6-6F81F653B341}.Debug|Any CPU.Build.0 = Debug|Any CPU
		{B176A68E-BFEC-40D2-84E6-6F81F653B341}.Release|Any CPU.ActiveCfg = Release|Any CPU
		{B176A68E-BFEC-40D2-84E6-6F81F653B341}.Release|Any CPU.Build.0 = Release|Any CPU
		{E4D0A3B1-D410-4555-B51D-73995BCF63A7}.Debug|Any CPU.ActiveCfg = Debug|Any CPU
		{E4D0A3B1-D410-4555-B51D-73995BCF63A7}.Debug|Any CPU.Build.0 = Debug|Any CPU
		{E4D0A3B1-D410-4555-B51D-73995BCF63A7}.Release|Any CPU.ActiveCfg = Release|Any CPU
		{E4D0A3B1-D410-4555-B51D-73995BCF63A7}.Release|Any CPU.Build.0 = Release|Any CPU
	EndGlobalSection
	GlobalSection(SolutionProperties) = preSolution
		HideSolutionNode = FALSE
	EndGlobalSection
	GlobalSection(ExtensibilityGlobals) = postSolution
		SolutionGuid = {A0EA4496-E373-4A1C-958E-494C61648389}
	EndGlobalSection
EndGlobal
